
Microsoft Visual Studio Solution File, Format Version 12.00
# Visual Studio Version 16
VisualStudioVersion = 16.0.31019.35
MinimumVisualStudioVersion = 10.0.40219.1
Project("{FAE04EC0-301F-11D3-BF4B-00C04F79EFBC}") = "SonicScrewdriver", "SonicScrewDriver\SonicScrewdriver.csproj", "{06918423-18D2-4DB5-9BC6-D3EA6E20F6CE}"
EndProject
Global
	GlobalSection(SolutionConfigurationPlatforms) = preSolution
		Debug|Any CPU = Debug|Any CPU
		Release|Any CPU = Release|Any CPU
	EndGlobalSection
	GlobalSection(ProjectConfigurationPlatforms) = postSolution
		{06918423-18D2-4DB5-9BC6-D3EA6E20F6CE}.Debug|Any CPU.ActiveCfg = Debug|Any CPU
		{06918423-18D2-4DB5-9BC6-D3EA6E20F6CE}.Debug|Any CPU.Build.0 = Debug|Any CPU
		{06918423-18D2-4DB5-9BC6-D3EA6E20F6CE}.Release|Any CPU.ActiveCfg = Release|Any CPU
		{06918423-18D2-4DB5-9BC6-D3EA6E20F6CE}.Release|Any CPU.Build.0 = Release|Any CPU
	EndGlobalSection
	GlobalSection(SolutionProperties) = preSolution
		HideSolutionNode = FALSE
	EndGlobalSection
	GlobalSection(ExtensibilityGlobals) = postSolution
		SolutionGuid = {BBAC5536-3DFF-4135-A89D-6352F6DC11AB}
	EndGlobalSection
EndGlobal
